
Microsoft Visual Studio Solution File, Format Version 12.00
# Visual Studio 15
VisualStudioVersion = 15.0.27703.2000
MinimumVisualStudioVersion = 10.0.40219.1
Project("{FAE04EC0-301F-11D3-BF4B-00C04F79EFBC}") = "HttpModuleBase", "HttpModuleBase.csproj", "{A90FD7B4-F752-4C96-9F02-7E74F85518EE}"
EndProject
Project("{FAE04EC0-301F-11D3-BF4B-00C04F79EFBC}") = "Designer", "Designer\Designer.csproj", "{28B1E04D-5BAE-4869-BBF6-3785411D924C}"
EndProject
Project("{FAE04EC0-301F-11D3-BF4B-00C04F79EFBC}") = "ContextComputing", "ContextComputing\ContextComputing.csproj", "{3DD05E8A-59F1-416D-9ADF-72904548EA5B}"
EndProject
Project("{FAE04EC0-301F-11D3-BF4B-00C04F79EFBC}") = "Listeners", "Listeners\Listeners.csproj", "{7F90F7E8-CB06-41FD-B4AF-F2ED52BD4A2A}"
EndProject
Project("{2150E333-8FDC-42A3-9474-1A3956D46DE8}") = "FlowSharp", "FlowSharp", "{6CB7C748-53CD-4F7C-8757-7D85E330EF80}"
EndProject
Project("{2150E333-8FDC-42A3-9474-1A3956D46DE8}") = "Clifton", "Clifton", "{17F11A7C-C084-4872-A3CC-CA81F9621509}"
EndProject
Project("{FAE04EC0-301F-11D3-BF4B-00C04F79EFBC}") = "Clifton.Core", "Clifton\Clifton.Core\Clifton.Core.csproj", "{54E73707-81C4-4C7F-9739-446C6D7D5FEA}"
EndProject
Project("{FAE04EC0-301F-11D3-BF4B-00C04F79EFBC}") = "Clifton.SemanticProcessorService", "Clifton\Clifton.Core\Services\Clifton.SemanticProcessorService\Clifton.SemanticProcessorService.csproj", "{B716A014-8C9F-4A24-83A4-ACBAE19C28C5}"
EndProject
Project("{FAE04EC0-301F-11D3-BF4B-00C04F79EFBC}") = "FlowSharpLib", "FlowSharp\FlowSharpLib\FlowSharpLib.csproj", "{07F65CA7-B8D3-4716-BFBF-812EF4DA68BE}"
EndProject
Project("{FAE04EC0-301F-11D3-BF4B-00C04F79EFBC}") = "FlowSharpCanvasService", "FlowSharp\Services\FlowSharpCanvasService\FlowSharpCanvasService.csproj", "{8072DC59-F5DE-46C3-98A2-E483484B253C}"
EndProject
Project("{FAE04EC0-301F-11D3-BF4B-00C04F79EFBC}") = "FlowSharpMouseControllerService", "FlowSharp\Services\FlowSharpMouseControllerService\FlowSharpMouseControllerService.csproj", "{51BAE79C-A873-4885-A39E-70D66155F78D}"
EndProject
Project("{FAE04EC0-301F-11D3-BF4B-00C04F79EFBC}") = "FlowSharpServiceInterfaces", "FlowSharp\Services\FlowSharpServiceInterfaces\FlowSharpServiceInterfaces.csproj", "{CAA4FD23-1392-4DEE-907A-CB3DC7315A98}"
EndProject
Project("{FAE04EC0-301F-11D3-BF4B-00C04F79EFBC}") = "FlowSharpCodeShapeInterfaces", "FlowSharp\Services\FlowSharpCodeShapeInterfaces\FlowSharpCodeShapeInterfaces.csproj", "{8C7D37D1-F9D9-4633-B863-EAC44B9DD999}"
EndProject
Project("{FAE04EC0-301F-11D3-BF4B-00C04F79EFBC}") = "Clifton.WinForm.ServiceInterfaces", "Clifton\Clifton.WinForm\Clifton.WinForm.ServiceInterfaces\Clifton.WinForm.ServiceInterfaces.csproj", "{2C326DE7-2F39-49CB-9A2B-1FE6DE7918B0}"
EndProject
Project("{FAE04EC0-301F-11D3-BF4B-00C04F79EFBC}") = "ContextComputingUnitTests", "ContextComputingUnitTests\ContextComputingUnitTests.csproj", "{D31BF1A8-F26D-4C19-A791-D51553942068}"
EndProject
Global
	GlobalSection(SolutionConfigurationPlatforms) = preSolution
		Debug|Any CPU = Debug|Any CPU
		Release|Any CPU = Release|Any CPU
	EndGlobalSection
	GlobalSection(ProjectConfigurationPlatforms) = postSolution
		{A90FD7B4-F752-4C96-9F02-7E74F85518EE}.Debug|Any CPU.ActiveCfg = Debug|Any CPU
		{A90FD7B4-F752-4C96-9F02-7E74F85518EE}.Debug|Any CPU.Build.0 = Debug|Any CPU
		{A90FD7B4-F752-4C96-9F02-7E74F85518EE}.Release|Any CPU.ActiveCfg = Release|Any CPU
		{A90FD7B4-F752-4C96-9F02-7E74F85518EE}.Release|Any CPU.Build.0 = Release|Any CPU
		{28B1E04D-5BAE-4869-BBF6-3785411D924C}.Debug|Any CPU.ActiveCfg = Debug|Any CPU
		{28B1E04D-5BAE-4869-BBF6-3785411D924C}.Debug|Any CPU.Build.0 = Debug|Any CPU
		{28B1E04D-5BAE-4869-BBF6-3785411D924C}.Release|Any CPU.ActiveCfg = Release|Any CPU
		{28B1E04D-5BAE-4869-BBF6-3785411D924C}.Release|Any CPU.Build.0 = Release|Any CPU
		{3DD05E8A-59F1-416D-9ADF-72904548EA5B}.Debug|Any CPU.ActiveCfg = Debug|Any CPU
		{3DD05E8A-59F1-416D-9ADF-72904548EA5B}.Debug|Any CPU.Build.0 = Debug|Any CPU
		{3DD05E8A-59F1-416D-9ADF-72904548EA5B}.Release|Any CPU.ActiveCfg = Release|Any CPU
		{3DD05E8A-59F1-416D-9ADF-72904548EA5B}.Release|Any CPU.Build.0 = Release|Any CPU
		{7F90F7E8-CB06-41FD-B4AF-F2ED52BD4A2A}.Debug|Any CPU.ActiveCfg = Debug|Any CPU
		{7F90F7E8-CB06-41FD-B4AF-F2ED52BD4A2A}.Debug|Any CPU.Build.0 = Debug|Any CPU
		{7F90F7E8-CB06-41FD-B4AF-F2ED52BD4A2A}.Release|Any CPU.ActiveCfg = Release|Any CPU
		{7F90F7E8-CB06-41FD-B4AF-F2ED52BD4A2A}.Release|Any CPU.Build.0 = Release|Any CPU
		{54E73707-81C4-4C7F-9739-446C6D7D5FEA}.Debug|Any CPU.ActiveCfg = Debug|Any CPU
		{54E73707-81C4-4C7F-9739-446C6D7D5FEA}.Debug|Any CPU.Build.0 = Debug|Any CPU
		{54E73707-81C4-4C7F-9739-446C6D7D5FEA}.Release|Any CPU.ActiveCfg = Release|Any CPU
		{54E73707-81C4-4C7F-9739-446C6D7D5FEA}.Release|Any CPU.Build.0 = Release|Any CPU
		{B716A014-8C9F-4A24-83A4-ACBAE19C28C5}.Debug|Any CPU.ActiveCfg = Debug|Any CPU
		{B716A014-8C9F-4A24-83A4-ACBAE19C28C5}.Debug|Any CPU.Build.0 = Debug|Any CPU
		{B716A014-8C9F-4A24-83A4-ACBAE19C28C5}.Release|Any CPU.ActiveCfg = Release|Any CPU
		{B716A014-8C9F-4A24-83A4-ACBAE19C28C5}.Release|Any CPU.Build.0 = Release|Any CPU
		{07F65CA7-B8D3-4716-BFBF-812EF4DA68BE}.Debug|Any CPU.ActiveCfg = Debug|Any CPU
		{07F65CA7-B8D3-4716-BFBF-812EF4DA68BE}.Debug|Any CPU.Build.0 = Debug|Any CPU
		{07F65CA7-B8D3-4716-BFBF-812EF4DA68BE}.Release|Any CPU.ActiveCfg = Release|Any CPU
		{07F65CA7-B8D3-4716-BFBF-812EF4DA68BE}.Release|Any CPU.Build.0 = Release|Any CPU
		{8072DC59-F5DE-46C3-98A2-E483484B253C}.Debug|Any CPU.ActiveCfg = Debug|Any CPU
		{8072DC59-F5DE-46C3-98A2-E483484B253C}.Debug|Any CPU.Build.0 = Debug|Any CPU
		{8072DC59-F5DE-46C3-98A2-E483484B253C}.Release|Any CPU.ActiveCfg = Release|Any CPU
		{8072DC59-F5DE-46C3-98A2-E483484B253C}.Release|Any CPU.Build.0 = Release|Any CPU
		{51BAE79C-A873-4885-A39E-70D66155F78D}.Debug|Any CPU.ActiveCfg = Debug|Any CPU
		{51BAE79C-A873-4885-A39E-70D66155F78D}.Debug|Any CPU.Build.0 = Debug|Any CPU
		{51BAE79C-A873-4885-A39E-70D66155F78D}.Release|Any CPU.ActiveCfg = Release|Any CPU
		{51BAE79C-A873-4885-A39E-70D66155F78D}.Release|Any CPU.Build.0 = Release|Any CPU
		{CAA4FD23-1392-4DEE-907A-CB3DC7315A98}.Debug|Any CPU.ActiveCfg = Debug|Any CPU
		{CAA4FD23-1392-4DEE-907A-CB3DC7315A98}.Debug|Any CPU.Build.0 = Debug|Any CPU
		{CAA4FD23-1392-4DEE-907A-CB3DC7315A98}.Release|Any CPU.ActiveCfg = Release|Any CPU
		{CAA4FD23-1392-4DEE-907A-CB3DC7315A98}.Release|Any CPU.Build.0 = Release|Any CPU
		{8C7D37D1-F9D9-4633-B863-EAC44B9DD999}.Debug|Any CPU.ActiveCfg = Debug|Any CPU
		{8C7D37D1-F9D9-4633-B863-EAC44B9DD999}.Debug|Any CPU.Build.0 = Debug|Any CPU
		{8C7D37D1-F9D9-4633-B863-EAC44B9DD999}.Release|Any CPU.ActiveCfg = Release|Any CPU
		{8C7D37D1-F9D9-4633-B863-EAC44B9DD999}.Release|Any CPU.Build.0 = Release|Any CPU
		{2C326DE7-2F39-49CB-9A2B-1FE6DE7918B0}.Debug|Any CPU.ActiveCfg = Debug|Any CPU
		{2C326DE7-2F39-49CB-9A2B-1FE6DE7918B0}.Debug|Any CPU.Build.0 = Debug|Any CPU
		{2C326DE7-2F39-49CB-9A2B-1FE6DE7918B0}.Release|Any CPU.ActiveCfg = Release|Any CPU
		{2C326DE7-2F39-49CB-9A2B-1FE6DE7918B0}.Release|Any CPU.Build.0 = Release|Any CPU
		{D31BF1A8-F26D-4C19-A791-D51553942068}.Debug|Any CPU.ActiveCfg = Debug|Any CPU
		{D31BF1A8-F26D-4C19-A791-D51553942068}.Debug|Any CPU.Build.0 = Debug|Any CPU
		{D31BF1A8-F26D-4C19-A791-D51553942068}.Release|Any CPU.ActiveCfg = Release|Any CPU
		{D31BF1A8-F26D-4C19-A791-D51553942068}.Release|Any CPU.Build.0 = Release|Any CPU
	EndGlobalSection
	GlobalSection(SolutionProperties) = preSolution
		HideSolutionNode = FALSE
	EndGlobalSection
	GlobalSection(NestedProjects) = preSolution
		{54E73707-81C4-4C7F-9739-446C6D7D5FEA} = {17F11A7C-C084-4872-A3CC-CA81F9621509}
		{B716A014-8C9F-4A24-83A4-ACBAE19C28C5} = {17F11A7C-C084-4872-A3CC-CA81F9621509}
		{07F65CA7-B8D3-4716-BFBF-812EF4DA68BE} = {6CB7C748-53CD-4F7C-8757-7D85E330EF80}
		{8072DC59-F5DE-46C3-98A2-E483484B253C} = {6CB7C748-53CD-4F7C-8757-7D85E330EF80}
		{51BAE79C-A873-4885-A39E-70D66155F78D} = {6CB7C748-53CD-4F7C-8757-7D85E330EF80}
		{CAA4FD23-1392-4DEE-907A-CB3DC7315A98} = {6CB7C748-53CD-4F7C-8757-7D85E330EF80}
		{8C7D37D1-F9D9-4633-B863-EAC44B9DD999} = {6CB7C748-53CD-4F7C-8757-7D85E330EF80}
		{2C326DE7-2F39-49CB-9A2B-1FE6DE7918B0} = {17F11A7C-C084-4872-A3CC-CA81F9621509}
	EndGlobalSection
	GlobalSection(ExtensibilityGlobals) = postSolution
		SolutionGuid = {B4979FC3-34BF-4849-8DD9-4AE294DEACAE}
	EndGlobalSection
EndGlobal
